# THIS IS AN AUTOGENERATED FILE. DO NOT EDIT THIS FILE DIRECTLY.
# yarn lockfile v1


tailwind-merge@^1.12.0:
  version "1.12.0"
  resolved "https://registry.yarnpkg.com/tailwind-merge/-/tailwind-merge-1.12.0.tgz#747d09d64a25a4864150e8930f8e436866066cc8"
  integrity sha512-Y17eDp7FtN1+JJ4OY0Bqv9OA41O+MS8c1Iyr3T6JFLnOgLg3EvcyMKZAnQ8AGyvB5Nxm3t9Xb5Mhe139m8QT/g==
